// !$*UTF8*$!
{
	archiveVersion = 1;
	classes = {
	};
	objectVersion = 50;
	objects = {

/* Begin PBXBuildFile section */
		58FA9F2122BF8AFB00677E56 /* AppDelegate.swift in Sources */ = {isa = PBXBuildFile; fileRef = 58FA9F2022BF8AFB00677E56 /* AppDelegate.swift */; };
		58FA9F2322BF8AFB00677E56 /* ViewController.swift in Sources */ = {isa = PBXBuildFile; fileRef = 58FA9F2222BF8AFB00677E56 /* ViewController.swift */; };
		58FA9F2822BF8AFC00677E56 /* Assets.xcassets in Resources */ = {isa = PBXBuildFile; fileRef = 58FA9F2722BF8AFC00677E56 /* Assets.xcassets */; };
		58FA9F2B22BF8AFC00677E56 /* LaunchScreen.storyboard in Resources */ = {isa = PBXBuildFile; fileRef = 58FA9F2922BF8AFC00677E56 /* LaunchScreen.storyboard */; };
		58FA9F3622BF8AFD00677E56 /* souvenirTests.swift in Sources */ = {isa = PBXBuildFile; fileRef = 58FA9F3522BF8AFD00677E56 /* souvenirTests.swift */; };
		58FA9F4122BF8AFD00677E56 /* souvenirUITests.swift in Sources */ = {isa = PBXBuildFile; fileRef = 58FA9F4022BF8AFD00677E56 /* souvenirUITests.swift */; };
/* End PBXBuildFile section */

/* Begin PBXContainerItemProxy section */
		58FA9F3222BF8AFC00677E56 /* PBXContainerItemProxy */ = {
			isa = PBXContainerItemProxy;
			containerPortal = 58FA9F1522BF8AFB00677E56 /* Project object */;
			proxyType = 1;
			remoteGlobalIDString = 58FA9F1C22BF8AFB00677E56;
			remoteInfo = souvenir;
		};
		58FA9F3D22BF8AFD00677E56 /* PBXContainerItemProxy */ = {
			isa = PBXContainerItemProxy;
			containerPortal = 58FA9F1522BF8AFB00677E56 /* Project object */;
			proxyType = 1;
			remoteGlobalIDString = 58FA9F1C22BF8AFB00677E56;
			remoteInfo = souvenir;
		};
/* End PBXContainerItemProxy section */

/* Begin PBXFileReference section */
		58FA9F1D22BF8AFB00677E56 /* souvenir.app */ = {isa = PBXFileReference; explicitFileType = wrapper.application; includeInIndex = 0; path = souvenir.app; sourceTree = BUILT_PRODUCTS_DIR; };
		58FA9F2022BF8AFB00677E56 /* AppDelegate.swift */ = {isa = PBXFileReference; lastKnownFileType = sourcecode.swift; path = AppDelegate.swift; sourceTree = "<group>"; };
		58FA9F2222BF8AFB00677E56 /* ViewController.swift */ = {isa = PBXFileReference; lastKnownFileType = sourcecode.swift; path = ViewController.swift; sourceTree = "<group>"; };
		58FA9F2722BF8AFC00677E56 /* Assets.xcassets */ = {isa = PBXFileReference; lastKnownFileType = folder.assetcatalog; path = Assets.xcassets; sourceTree = "<group>"; };
		58FA9F2A22BF8AFC00677E56 /* Base */ = {isa = PBXFileReference; lastKnownFileType = file.storyboard; name = Base; path = Base.lproj/LaunchScreen.storyboard; sourceTree = "<group>"; };
		58FA9F2C22BF8AFC00677E56 /* Info.plist */ = {isa = PBXFileReference; lastKnownFileType = text.plist.xml; path = Info.plist; sourceTree = "<group>"; };
		58FA9F3122BF8AFC00677E56 /* souvenirTests.xctest */ = {isa = PBXFileReference; explicitFileType = wrapper.cfbundle; includeInIndex = 0; path = souvenirTests.xctest; sourceTree = BUILT_PRODUCTS_DIR; };
		58FA9F3522BF8AFD00677E56 /* souvenirTests.swift */ = {isa = PBXFileReference; lastKnownFileType = sourcecode.swift; path = souvenirTests.swift; sourceTree = "<group>"; };
		58FA9F3722BF8AFD00677E56 /* Info.plist */ = {isa = PBXFileReference; lastKnownFileType = text.plist.xml; path = Info.plist; sourceTree = "<group>"; };
		58FA9F3C22BF8AFD00677E56 /* souvenirUITests.xctest */ = {isa = PBXFileReference; explicitFileType = wrapper.cfbundle; includeInIndex = 0; path = souvenirUITests.xctest; sourceTree = BUILT_PRODUCTS_DIR; };
		58FA9F4022BF8AFD00677E56 /* souvenirUITests.swift */ = {isa = PBXFileReference; lastKnownFileType = sourcecode.swift; path = souvenirUITests.swift; sourceTree = "<group>"; };
		58FA9F4222BF8AFD00677E56 /* Info.plist */ = {isa = PBXFileReference; lastKnownFileType = text.plist.xml; path = Info.plist; sourceTree = "<group>"; };
/* End PBXFileReference section */

/* Begin PBXFrameworksBuildPhase section */
		58FA9F1A22BF8AFB00677E56 /* Frameworks */ = {
			isa = PBXFrameworksBuildPhase;
			buildActionMask = 2147483647;
			files = (
			);
			runOnlyForDeploymentPostprocessing = 0;
		};
		58FA9F2E22BF8AFC00677E56 /* Frameworks */ = {
			isa = PBXFrameworksBuildPhase;
			buildActionMask = 2147483647;
			files = (
			);
			runOnlyForDeploymentPostprocessing = 0;
		};
		58FA9F3922BF8AFD00677E56 /* Frameworks */ = {
			isa = PBXFrameworksBuildPhase;
			buildActionMask = 2147483647;
			files = (
			);
			runOnlyForDeploymentPostprocessing = 0;
		};
/* End PBXFrameworksBuildPhase section */

/* Begin PBXGroup section */
		58FA9F1422BF8AFB00677E56 = {
			isa = PBXGroup;
			children = (
				58FA9F1F22BF8AFB00677E56 /* souvenir */,
				58FA9F3422BF8AFD00677E56 /* souvenirTests */,
				58FA9F3F22BF8AFD00677E56 /* souvenirUITests */,
				58FA9F1E22BF8AFB00677E56 /* Products */,
			);
			sourceTree = "<group>";
		};
		58FA9F1E22BF8AFB00677E56 /* Products */ = {
			isa = PBXGroup;
			children = (
				58FA9F1D22BF8AFB00677E56 /* souvenir.app */,
				58FA9F3122BF8AFC00677E56 /* souvenirTests.xctest */,
				58FA9F3C22BF8AFD00677E56 /* souvenirUITests.xctest */,
			);
			name = Products;
			sourceTree = "<group>";
		};
		58FA9F1F22BF8AFB00677E56 /* souvenir */ = {
			isa = PBXGroup;
			children = (
				58FA9F2022BF8AFB00677E56 /* AppDelegate.swift */,
				58FA9F2222BF8AFB00677E56 /* ViewController.swift */,
				58FA9F2722BF8AFC00677E56 /* Assets.xcassets */,
				58FA9F2922BF8AFC00677E56 /* LaunchScreen.storyboard */,
				58FA9F2C22BF8AFC00677E56 /* Info.plist */,
			);
			path = souvenir;
			sourceTree = "<group>";
		};
		58FA9F3422BF8AFD00677E56 /* souvenirTests */ = {
			isa = PBXGroup;
			children = (
				58FA9F3522BF8AFD00677E56 /* souvenirTests.swift */,
				58FA9F3722BF8AFD00677E56 /* Info.plist */,
			);
			path = souvenirTests;
			sourceTree = "<group>";
		};
		58FA9F3F22BF8AFD00677E56 /* souvenirUITests */ = {
			isa = PBXGroup;
			children = (
				58FA9F4022BF8AFD00677E56 /* souvenirUITests.swift */,
				58FA9F4222BF8AFD00677E56 /* Info.plist */,
			);
			path = souvenirUITests;
			sourceTree = "<group>";
		};
/* End PBXGroup section */

/* Begin PBXNativeTarget section */
		58FA9F1C22BF8AFB00677E56 /* souvenir */ = {
			isa = PBXNativeTarget;
			buildConfigurationList = 58FA9F4522BF8AFD00677E56 /* Build configuration list for PBXNativeTarget "souvenir" */;
			buildPhases = (
				58FA9F1922BF8AFB00677E56 /* Sources */,
				58FA9F1A22BF8AFB00677E56 /* Frameworks */,
				58FA9F1B22BF8AFB00677E56 /* Resources */,
			);
			buildRules = (
			);
			dependencies = (
			);
			name = souvenir;
			productName = souvenir;
			productReference = 58FA9F1D22BF8AFB00677E56 /* souvenir.app */;
			productType = "com.apple.product-type.application";
		};
		58FA9F3022BF8AFC00677E56 /* souvenirTests */ = {
			isa = PBXNativeTarget;
			buildConfigurationList = 58FA9F4822BF8AFD00677E56 /* Build configuration list for PBXNativeTarget "souvenirTests" */;
			buildPhases = (
				58FA9F2D22BF8AFC00677E56 /* Sources */,
				58FA9F2E22BF8AFC00677E56 /* Frameworks */,
				58FA9F2F22BF8AFC00677E56 /* Resources */,
			);
			buildRules = (
			);
			dependencies = (
				58FA9F3322BF8AFC00677E56 /* PBXTargetDependency */,
			);
			name = souvenirTests;
			productName = souvenirTests;
			productReference = 58FA9F3122BF8AFC00677E56 /* souvenirTests.xctest */;
			productType = "com.apple.product-type.bundle.unit-test";
		};
		58FA9F3B22BF8AFD00677E56 /* souvenirUITests */ = {
			isa = PBXNativeTarget;
			buildConfigurationList = 58FA9F4B22BF8AFD00677E56 /* Build configuration list for PBXNativeTarget "souvenirUITests" */;
			buildPhases = (
				58FA9F3822BF8AFD00677E56 /* Sources */,
				58FA9F3922BF8AFD00677E56 /* Frameworks */,
				58FA9F3A22BF8AFD00677E56 /* Resources */,
			);
			buildRules = (
			);
			dependencies = (
				58FA9F3E22BF8AFD00677E56 /* PBXTargetDependency */,
			);
			name = souvenirUITests;
			productName = souvenirUITests;
			productReference = 58FA9F3C22BF8AFD00677E56 /* souvenirUITests.xctest */;
			productType = "com.apple.product-type.bundle.ui-testing";
		};
/* End PBXNativeTarget section */

/* Begin PBXProject section */
		58FA9F1522BF8AFB00677E56 /* Project object */ = {
			isa = PBXProject;
			attributes = {
				LastSwiftUpdateCheck = 1020;
				LastUpgradeCheck = 1020;
				ORGANIZATIONNAME = "瀬尾一矢";
				TargetAttributes = {
					58FA9F1C22BF8AFB00677E56 = {
						CreatedOnToolsVersion = 10.2.1;
					};
					58FA9F3022BF8AFC00677E56 = {
						CreatedOnToolsVersion = 10.2.1;
						TestTargetID = 58FA9F1C22BF8AFB00677E56;
					};
					58FA9F3B22BF8AFD00677E56 = {
						CreatedOnToolsVersion = 10.2.1;
						TestTargetID = 58FA9F1C22BF8AFB00677E56;
					};
				};
			};
			buildConfigurationList = 58FA9F1822BF8AFB00677E56 /* Build configuration list for PBXProject "souvenir" */;
			compatibilityVersion = "Xcode 9.3";
			developmentRegion = en;
			hasScannedForEncodings = 0;
			knownRegions = (
				en,
				Base,
			);
			mainGroup = 58FA9F1422BF8AFB00677E56;
			productRefGroup = 58FA9F1E22BF8AFB00677E56 /* Products */;
			projectDirPath = "";
			projectRoot = "";
			targets = (
				58FA9F1C22BF8AFB00677E56 /* souvenir */,
				58FA9F3022BF8AFC00677E56 /* souvenirTests */,
				58FA9F3B22BF8AFD00677E56 /* souvenirUITests */,
			);
		};
/* End PBXProject section */

/* Begin PBXResourcesBuildPhase section */
		58FA9F1B22BF8AFB00677E56 /* Resources */ = {
			isa = PBXResourcesBuildPhase;
			buildActionMask = 2147483647;
			files = (
				58FA9F2B22BF8AFC00677E56 /* LaunchScreen.storyboard in Resources */,
				58FA9F2822BF8AFC00677E56 /* Assets.xcassets in Resources */,
			);
			runOnlyForDeploymentPostprocessing = 0;
		};
		58FA9F2F22BF8AFC00677E56 /* Resources */ = {
			isa = PBXResourcesBuildPhase;
			buildActionMask = 2147483647;
			files = (
			);
			runOnlyForDeploymentPostprocessing = 0;
		};
		58FA9F3A22BF8AFD00677E56 /* Resources */ = {
			isa = PBXResourcesBuildPhase;
			buildActionMask = 2147483647;
			files = (
			);
			runOnlyForDeploymentPostprocessing = 0;
		};
/* End PBXResourcesBuildPhase section */

/* Begin PBXSourcesBuildPhase section */
		58FA9F1922BF8AFB00677E56 /* Sources */ = {
			isa = PBXSourcesBuildPhase;
			buildActionMask = 2147483647;
			files = (
				58FA9F2322BF8AFB00677E56 /* ViewController.swift in Sources */,
				58FA9F2122BF8AFB00677E56 /* AppDelegate.swift in Sources */,
			);
			runOnlyForDeploymentPostprocessing = 0;
		};
		58FA9F2D22BF8AFC00677E56 /* Sources */ = {
			isa = PBXSourcesBuildPhase;
			buildActionMask = 2147483647;
			files = (
				58FA9F3622BF8AFD00677E56 /* souvenirTests.swift in Sources */,
			);
			runOnlyForDeploymentPostprocessing = 0;
		};
		58FA9F3822BF8AFD00677E56 /* Sources */ = {
			isa = PBXSourcesBuildPhase;
			buildActionMask = 2147483647;
			files = (
				58FA9F4122BF8AFD00677E56 /* souvenirUITests.swift in Sources */,
			);
			runOnlyForDeploymentPostprocessing = 0;
		};
/* End PBXSourcesBuildPhase section */

/* Begin PBXTargetDependency section */
		58FA9F3322BF8AFC00677E56 /* PBXTargetDependency */ = {
			isa = PBXTargetDependency;
			target = 58FA9F1C22BF8AFB00677E56 /* souvenir */;
			targetProxy = 58FA9F3222BF8AFC00677E56 /* PBXContainerItemProxy */;
		};
		58FA9F3E22BF8AFD00677E56 /* PBXTargetDependency */ = {
			isa = PBXTargetDependency;
			target = 58FA9F1C22BF8AFB00677E56 /* souvenir */;
			targetProxy = 58FA9F3D22BF8AFD00677E56 /* PBXContainerItemProxy */;
		};
/* End PBXTargetDependency section */

/* Begin PBXVariantGroup section */
		58FA9F2922BF8AFC00677E56 /* LaunchScreen.storyboard */ = {
			isa = PBXVariantGroup;
			children = (
				58FA9F2A22BF8AFC00677E56 /* Base */,
			);
			name = LaunchScreen.storyboard;
			sourceTree = "<group>";
		};
/* End PBXVariantGroup section */

/* Begin XCBuildConfiguration section */
		58FA9F4322BF8AFD00677E56 /* Debug */ = {
			isa = XCBuildConfiguration;
			buildSettings = {
				ALWAYS_SEARCH_USER_PATHS = NO;
				CLANG_ANALYZER_NONNULL = YES;
				CLANG_ANALYZER_NUMBER_OBJECT_CONVERSION = YES_AGGRESSIVE;
				CLANG_CXX_LANGUAGE_STANDARD = "gnu++14";
				CLANG_CXX_LIBRARY = "libc++";
				CLANG_ENABLE_MODULES = YES;
				CLANG_ENABLE_OBJC_ARC = YES;
				CLANG_ENABLE_OBJC_WEAK = YES;
				CLANG_WARN_BLOCK_CAPTURE_AUTORELEASING = YES;
				CLANG_WARN_BOOL_CONVERSION = YES;
				CLANG_WARN_COMMA = YES;
				CLANG_WARN_CONSTANT_CONVERSION = YES;
				CLANG_WARN_DEPRECATED_OBJC_IMPLEMENTATIONS = YES;
				CLANG_WARN_DIRECT_OBJC_ISA_USAGE = YES_ERROR;
				CLANG_WARN_DOCUMENTATION_COMMENTS = YES;
				CLANG_WARN_EMPTY_BODY = YES;
				CLANG_WARN_ENUM_CONVERSION = YES;
				CLANG_WARN_INFINITE_RECURSION = YES;
				CLANG_WARN_INT_CONVERSION = YES;
				CLANG_WARN_NON_LITERAL_NULL_CONVERSION = YES;
				CLANG_WARN_OBJC_IMPLICIT_RETAIN_SELF = YES;
				CLANG_WARN_OBJC_LITERAL_CONVERSION = YES;
				CLANG_WARN_OBJC_ROOT_CLASS = YES_ERROR;
				CLANG_WARN_RANGE_LOOP_ANALYSIS = YES;
				CLANG_WARN_STRICT_PROTOTYPES = YES;
				CLANG_WARN_SUSPICIOUS_MOVE = YES;
				CLANG_WARN_UNGUARDED_AVAILABILITY = YES_AGGRESSIVE;
				CLANG_WARN_UNREACHABLE_CODE = YES;
				CLANG_WARN__DUPLICATE_METHOD_MATCH = YES;
				CODE_SIGN_IDENTITY = "iPhone Developer";
				COPY_PHASE_STRIP = NO;
				DEBUG_INFORMATION_FORMAT = dwarf;
				ENABLE_STRICT_OBJC_MSGSEND = YES;
				ENABLE_TESTABILITY = YES;
				GCC_C_LANGUAGE_STANDARD = gnu11;
				GCC_DYNAMIC_NO_PIC = NO;
				GCC_NO_COMMON_BLOCKS = YES;
				GCC_OPTIMIZATION_LEVEL = 0;
				GCC_PREPROCESSOR_DEFINITIONS = (
					"DEBUG=1",
					"$(inherited)",
				);
				GCC_WARN_64_TO_32_BIT_CONVERSION = YES;
				GCC_WARN_ABOUT_RETURN_TYPE = YES_ERROR;
				GCC_WARN_UNDECLARED_SELECTOR = YES;
				GCC_WARN_UNINITIALIZED_AUTOS = YES_AGGRESSIVE;
				GCC_WARN_UNUSED_FUNCTION = YES;
				GCC_WARN_UNUSED_VARIABLE = YES;
				IPHONEOS_DEPLOYMENT_TARGET = 12.2;
				MTL_ENABLE_DEBUG_INFO = INCLUDE_SOURCE;
				MTL_FAST_MATH = YES;
				ONLY_ACTIVE_ARCH = YES;
				SDKROOT = iphoneos;
				SWIFT_ACTIVE_COMPILATION_CONDITIONS = DEBUG;
				SWIFT_OPTIMIZATION_LEVEL = "-Onone";
			};
			name = Debug;
		};
		58FA9F4422BF8AFD00677E56 /* Release */ = {
			isa = XCBuildConfiguration;
			buildSettings = {
				ALWAYS_SEARCH_USER_PATHS = NO;
				CLANG_ANALYZER_NONNULL = YES;
				CLANG_ANALYZER_NUMBER_OBJECT_CONVERSION = YES_AGGRESSIVE;
				CLANG_CXX_LANGUAGE_STANDARD = "gnu++14";
				CLANG_CXX_LIBRARY = "libc++";
				CLANG_ENABLE_MODULES = YES;
				CLANG_ENABLE_OBJC_ARC = YES;
				CLANG_ENABLE_OBJC_WEAK = YES;
				CLANG_WARN_BLOCK_CAPTURE_AUTORELEASING = YES;
				CLANG_WARN_BOOL_CONVERSION = YES;
				CLANG_WARN_COMMA = YES;
				CLANG_WARN_CONSTANT_CONVERSION = YES;
				CLANG_WARN_DEPRECATED_OBJC_IMPLEMENTATIONS = YES;
				CLANG_WARN_DIRECT_OBJC_ISA_USAGE = YES_ERROR;
				CLANG_WARN_DOCUMENTATION_COMMENTS = YES;
				CLANG_WARN_EMPTY_BODY = YES;
				CLANG_WARN_ENUM_CONVERSION = YES;
				CLANG_WARN_INFINITE_RECURSION = YES;
				CLANG_WARN_INT_CONVERSION = YES;
				CLANG_WARN_NON_LITERAL_NULL_CONVERSION = YES;
				CLANG_WARN_OBJC_IMPLICIT_RETAIN_SELF = YES;
				CLANG_WARN_OBJC_LITERAL_CONVERSION = YES;
				CLANG_WARN_OBJC_ROOT_CLASS = YES_ERROR;
				CLANG_WARN_RANGE_LOOP_ANALYSIS = YES;
				CLANG_WARN_STRICT_PROTOTYPES = YES;
				CLANG_WARN_SUSPICIOUS_MOVE = YES;
				CLANG_WARN_UNGUARDED_AVAILABILITY = YES_AGGRESSIVE;
				CLANG_WARN_UNREACHABLE_CODE = YES;
				CLANG_WARN__DUPLICATE_METHOD_MATCH = YES;
				CODE_SIGN_IDENTITY = "iPhone Developer";
				COPY_PHASE_STRIP = NO;
				DEBUG_INFORMATION_FORMAT = "dwarf-with-dsym";
				ENABLE_NS_ASSERTIONS = NO;
				ENABLE_STRICT_OBJC_MSGSEND = YES;
				GCC_C_LANGUAGE_STANDARD = gnu11;
				GCC_NO_COMMON_BLOCKS = YES;
				GCC_WARN_64_TO_32_BIT_CONVERSION = YES;
				GCC_WARN_ABOUT_RETURN_TYPE = YES_ERROR;
				GCC_WARN_UNDECLARED_SELECTOR = YES;
				GCC_WARN_UNINITIALIZED_AUTOS = YES_AGGRESSIVE;
				GCC_WARN_UNUSED_FUNCTION = YES;
				GCC_WARN_UNUSED_VARIABLE = YES;
				IPHONEOS_DEPLOYMENT_TARGET = 12.2;
				MTL_ENABLE_DEBUG_INFO = NO;
				MTL_FAST_MATH = YES;
				SDKROOT = iphoneos;
				SWIFT_COMPILATION_MODE = wholemodule;
				SWIFT_OPTIMIZATION_LEVEL = "-O";
				VALIDATE_PRODUCT = YES;
			};
			name = Release;
		};
		58FA9F4622BF8AFD00677E56 /* Debug */ = {
			isa = XCBuildConfiguration;
			buildSettings = {
				ASSETCATALOG_COMPILER_APPICON_NAME = AppIcon;
				CODE_SIGN_STYLE = Automatic;
				DEVELOPMENT_TEAM = 7JF4ZV6QWT;
				INFOPLIST_FILE = souvenir/Info.plist;
				LD_RUNPATH_SEARCH_PATHS = (
					"$(inherited)",
					"@executable_path/Frameworks",
				);
				PRODUCT_BUNDLE_IDENTIFIER = com.kazuyaseo.souvenir;
				PRODUCT_NAME = "$(TARGET_NAME)";
				SWIFT_VERSION = 5.0;
				TARGETED_DEVICE_FAMILY = "1,2";
			};
			name = Debug;
		};
		58FA9F4722BF8AFD00677E56 /* Release */ = {
			isa = XCBuildConfiguration;
			buildSettings = {
				ASSETCATALOG_COMPILER_APPICON_NAME = AppIcon;
				CODE_SIGN_STYLE = Automatic;
				DEVELOPMENT_TEAM = 7JF4ZV6QWT;
				INFOPLIST_FILE = souvenir/Info.plist;
				LD_RUNPATH_SEARCH_PATHS = (
					"$(inherited)",
					"@executable_path/Frameworks",
				);
				PRODUCT_BUNDLE_IDENTIFIER = com.kazuyaseo.souvenir;
				PRODUCT_NAME = "$(TARGET_NAME)";
				SWIFT_VERSION = 5.0;
				TARGETED_DEVICE_FAMILY = "1,2";
			};
			name = Release;
		};
		58FA9F4922BF8AFD00677E56 /* Debug */ = {
			isa = XCBuildConfiguration;
			buildSettings = {
				ALWAYS_EMBED_SWIFT_STANDARD_LIBRARIES = YES;
				BUNDLE_LOADER = "$(TEST_HOST)";
				CODE_SIGN_STYLE = Automatic;
				INFOPLIST_FILE = souvenirTests/Info.plist;
				LD_RUNPATH_SEARCH_PATHS = (
					"$(inherited)",
					"@executable_path/Frameworks",
					"@loader_path/Frameworks",
				);
				PRODUCT_BUNDLE_IDENTIFIER = com.kazuyaseo.souvenirTests;
				PRODUCT_NAME = "$(TARGET_NAME)";
				SWIFT_VERSION = 5.0;
				TARGETED_DEVICE_FAMILY = "1,2";
				TEST_HOST = "$(BUILT_PRODUCTS_DIR)/souvenir.app/souvenir";
			};
			name = Debug;
		};
		58FA9F4A22BF8AFD00677E56 /* Release */ = {
			isa = XCBuildConfiguration;
			buildSettings = {
				ALWAYS_EMBED_SWIFT_STANDARD_LIBRARIES = YES;
				BUNDLE_LOADER = "$(TEST_HOST)";
				CODE_SIGN_STYLE = Automatic;
				INFOPLIST_FILE = souvenirTests/Info.plist;
				LD_RUNPATH_SEARCH_PATHS = (
					"$(inherited)",
					"@executable_path/Frameworks",
					"@loader_path/Frameworks",
				);
				PRODUCT_BUNDLE_IDENTIFIER = com.kazuyaseo.souvenirTests;
				PRODUCT_NAME = "$(TARGET_NAME)";
				SWIFT_VERSION = 5.0;
				TARGETED_DEVICE_FAMILY = "1,2";
				TEST_HOST = "$(BUILT_PRODUCTS_DIR)/souvenir.app/souvenir";
			};
			name = Release;
		};
		58FA9F4C22BF8AFD00677E56 /* Debug */ = {
			isa = XCBuildConfiguration;
			buildSettings = {
				ALWAYS_EMBED_SWIFT_STANDARD_LIBRARIES = YES;
				CODE_SIGN_STYLE = Automatic;
				INFOPLIST_FILE = souvenirUITests/Info.plist;
				LD_RUNPATH_SEARCH_PATHS = (
					"$(inherited)",
					"@executable_path/Frameworks",
					"@loader_path/Frameworks",
				);
				PRODUCT_BUNDLE_IDENTIFIER = com.kazuyaseo.souvenirUITests;
				PRODUCT_NAME = "$(TARGET_NAME)";
				SWIFT_VERSION = 5.0;
				TARGETED_DEVICE_FAMILY = "1,2";
				TEST_TARGET_NAME = souvenir;
			};
			name = Debug;
		};
		58FA9F4D22BF8AFD00677E56 /* Release */ = {
			isa = XCBuildConfiguration;
			buildSettings = {
				ALWAYS_EMBED_SWIFT_STANDARD_LIBRARIES = YES;
				CODE_SIGN_STYLE = Automatic;
				INFOPLIST_FILE = souvenirUITests/Info.plist;
				LD_RUNPATH_SEARCH_PATHS = (
					"$(inherited)",
					"@executable_path/Frameworks",
					"@loader_path/Frameworks",
				);
				PRODUCT_BUNDLE_IDENTIFIER = com.kazuyaseo.souvenirUITests;
				PRODUCT_NAME = "$(TARGET_NAME)";
				SWIFT_VERSION = 5.0;
				TARGETED_DEVICE_FAMILY = "1,2";
				TEST_TARGET_NAME = souvenir;
			};
			name = Release;
		};
/* End XCBuildConfiguration section */

/* Begin XCConfigurationList section */
		58FA9F1822BF8AFB00677E56 /* Build configuration list for PBXProject "souvenir" */ = {
			isa = XCConfigurationList;
			buildConfigurations = (
				58FA9F4322BF8AFD00677E56 /* Debug */,
				58FA9F4422BF8AFD00677E56 /* Release */,
			);
			defaultConfigurationIsVisible = 0;
			defaultConfigurationName = Release;
		};
		58FA9F4522BF8AFD00677E56 /* Build configuration list for PBXNativeTarget "souvenir" */ = {
			isa = XCConfigurationList;
			buildConfigurations = (
				58FA9F4622BF8AFD00677E56 /* Debug */,
				58FA9F4722BF8AFD00677E56 /* Release */,
			);
			defaultConfigurationIsVisible = 0;
			defaultConfigurationName = Release;
		};
		58FA9F4822BF8AFD00677E56 /* Build configuration list for PBXNativeTarget "souvenirTests" */ = {
			isa = XCConfigurationList;
			buildConfigurations = (
				58FA9F4922BF8AFD00677E56 /* Debug */,
				58FA9F4A22BF8AFD00677E56 /* Release */,
			);
			defaultConfigurationIsVisible = 0;
			defaultConfigurationName = Release;
		};
		58FA9F4B22BF8AFD00677E56 /* Build configuration list for PBXNativeTarget "souvenirUITests" */ = {
			isa = XCConfigurationList;
			buildConfigurations = (
				58FA9F4C22BF8AFD00677E56 /* Debug */,
				58FA9F4D22BF8AFD00677E56 /* Release */,
			);
			defaultConfigurationIsVisible = 0;
			defaultConfigurationName = Release;
		};
/* End XCConfigurationList section */
	};
	rootObject = 58FA9F1522BF8AFB00677E56 /* Project object */;
}
